
Microsoft Visual Studio Solution File, Format Version 12.00
# Visual Studio Version 17
VisualStudioVersion = 17.0.31903.59
MinimumVisualStudioVersion = 10.0.40219.1
Project("{2150E333-8FDC-42A3-9474-1A3956D46DE8}") = "src", "src", "{827E0CD3-B72D-47B6-A68D-7590B98EB39B}"
EndProject
Project("{FAE04EC0-301F-11D3-BF4B-00C04F79EFBC}") = "BrowserSync.Core", "src\BrowserSync.Core\BrowserSync.Core.csproj", "{9C47D5FB-5333-479F-99FB-90C796867A90}"
EndProject
Project("{FAE04EC0-301F-11D3-BF4B-00C04F79EFBC}") = "BrowserSync.Host", "src\BrowserSync.Host\BrowserSync.Host.csproj", "{EF623B02-9B64-495F-ADC2-699877262A30}"
EndProject
Project("{FAE04EC0-301F-11D3-BF4B-00C04F79EFBC}") = "BrowserSync.Core.Tests", "src\BrowserSync.Core.Tests\BrowserSync.Core.Tests.csproj", "{1EC096C8-1061-451B-AACF-956EFFC0EC79}"
EndProject
Project("{FAE04EC0-301F-11D3-BF4B-00C04F79EFBC}") = "BrowserSync.Host.Tests", "src\BrowserSync.Host.Tests\BrowserSync.Host.Tests.csproj", "{98881301-4B99-411D-810D-F9C84F578CA0}"
EndProject
Global
	GlobalSection(SolutionConfigurationPlatforms) = preSolution
		Debug|Any CPU = Debug|Any CPU
		Debug|x64 = Debug|x64
		Debug|x86 = Debug|x86
		Release|Any CPU = Release|Any CPU
		Release|x64 = Release|x64
		Release|x86 = Release|x86
	EndGlobalSection
	GlobalSection(ProjectConfigurationPlatforms) = postSolution
		{9C47D5FB-5333-479F-99FB-90C796867A90}.Debug|Any CPU.ActiveCfg = Debug|Any CPU
		{9C47D5FB-5333-479F-99FB-90C796867A90}.Debug|Any CPU.Build.0 = Debug|Any CPU
		{9C47D5FB-5333-479F-99FB-90C796867A90}.Debug|x64.ActiveCfg = Debug|Any CPU
		{9C47D5FB-5333-479F-99FB-90C796867A90}.Debug|x64.Build.0 = Debug|Any CPU
		{9C47D5FB-5333-479F-99FB-90C796867A90}.Debug|x86.ActiveCfg = Debug|Any CPU
		{9C47D5FB-5333-479F-99FB-90C796867A90}.Debug|x86.Build.0 = Debug|Any CPU
		{9C47D5FB-5333-479F-99FB-90C796867A90}.Release|Any CPU.ActiveCfg = Release|Any CPU
		{9C47D5FB-5333-479F-99FB-90C796867A90}.Release|Any CPU.Build.0 = Release|Any CPU
		{9C47D5FB-5333-479F-99FB-90C796867A90}.Release|x64.ActiveCfg = Release|Any CPU
		{9C47D5FB-5333-479F-99FB-90C796867A90}.Release|x64.Build.0 = Release|Any CPU
		{9C47D5FB-5333-479F-99FB-90C796867A90}.Release|x86.ActiveCfg = Release|Any CPU
		{9C47D5FB-5333-479F-99FB-90C796867A90}.Release|x86.Build.0 = Release|Any CPU
		{EF623B02-9B64-495F-ADC2-699877262A30}.Debug|Any CPU.ActiveCfg = Debug|Any CPU
		{EF623B02-9B64-495F-ADC2-699877262A30}.Debug|Any CPU.Build.0 = Debug|Any CPU
		{EF623B02-9B64-495F-ADC2-699877262A30}.Debug|x64.ActiveCfg = Debug|Any CPU
		{EF623B02-9B64-495F-ADC2-699877262A30}.Debug|x64.Build.0 = Debug|Any CPU
		{EF623B02-9B64-495F-ADC2-699877262A30}.Debug|x86.ActiveCfg = Debug|Any CPU
		{EF623B02-9B64-495F-ADC2-699877262A30}.Debug|x86.Build.0 = Debug|Any CPU
		{EF623B02-9B64-495F-ADC2-699877262A30}.Release|Any CPU.ActiveCfg = Release|Any CPU
		{EF623B02-9B64-495F-ADC2-699877262A30}.Release|Any CPU.Build.0 = Release|Any CPU
		{EF623B02-9B64-495F-ADC2-699877262A30}.Release|x64.ActiveCfg = Release|Any CPU
		{EF623B02-9B64-495F-ADC2-699877262A30}.Release|x64.Build.0 = Release|Any CPU
		{EF623B02-9B64-495F-ADC2-699877262A30}.Release|x86.ActiveCfg = Release|Any CPU
		{EF623B02-9B64-495F-ADC2-699877262A30}.Release|x86.Build.0 = Release|Any CPU
		{1EC096C8-1061-451B-AACF-956EFFC0EC79}.Debug|Any CPU.ActiveCfg = Debug|Any CPU
		{1EC096C8-1061-451B-AACF-956EFFC0EC79}.Debug|Any CPU.Build.0 = Debug|Any CPU
		{1EC096C8-1061-451B-AACF-956EFFC0EC79}.Debug|x64.ActiveCfg = Debug|Any CPU
		{1EC096C8-1061-451B-AACF-956EFFC0EC79}.Debug|x64.Build.0 = Debug|Any CPU
		{1EC096C8-1061-451B-AACF-956EFFC0EC79}.Debug|x86.ActiveCfg = Debug|Any CPU
		{1EC096C8-1061-451B-AACF-956EFFC0EC79}.Debug|x86.Build.0 = Debug|Any CPU
		{1EC096C8-1061-451B-AACF-956EFFC0EC79}.Release|Any CPU.ActiveCfg = Release|Any CPU
		{1EC096C8-1061-451B-AACF-956EFFC0EC79}.Release|Any CPU.Build.0 = Release|Any CPU
		{1EC096C8-1061-451B-AACF-956EFFC0EC79}.Release|x64.ActiveCfg = Release|Any CPU
		{1EC096C8-1061-451B-AACF-956EFFC0EC79}.Release|x64.Build.0 = Release|Any CPU
		{1EC096C8-1061-451B-AACF-956EFFC0EC79}.Release|x86.ActiveCfg = Release|Any CPU
		{1EC096C8-1061-451B-AACF-956EFFC0EC79}.Release|x86.Build.0 = Release|Any CPU
		{98881301-4B99-411D-810D-F9C84F578CA0}.Debug|Any CPU.ActiveCfg = Debug|Any CPU
		{98881301-4B99-411D-810D-F9C84F578CA0}.Debug|Any CPU.Build.0 = Debug|Any CPU
		{98881301-4B99-411D-810D-F9C84F578CA0}.Debug|x64.ActiveCfg = Debug|Any CPU
		{98881301-4B99-411D-810D-F9C84F578CA0}.Debug|x64.Build.0 = Debug|Any CPU
		{98881301-4B99-411D-810D-F9C84F578CA0}.Debug|x86.ActiveCfg = Debug|Any CPU
		{98881301-4B99-411D-810D-F9C84F578CA0}.Debug|x86.Build.0 = Debug|Any CPU
		{98881301-4B99-411D-810D-F9C84F578CA0}.Release|Any CPU.ActiveCfg = Release|Any CPU
		{98881301-4B99-411D-810D-F9C84F578CA0}.Release|Any CPU.Build.0 = Release|Any CPU
		{98881301-4B99-411D-810D-F9C84F578CA0}.Release|x64.ActiveCfg = Release|Any CPU
		{98881301-4B99-411D-810D-F9C84F578CA0}.Release|x64.Build.0 = Release|Any CPU
		{98881301-4B99-411D-810D-F9C84F578CA0}.Release|x86.ActiveCfg = Release|Any CPU
		{98881301-4B99-411D-810D-F9C84F578CA0}.Release|x86.Build.0 = Release|Any CPU
	EndGlobalSection
	GlobalSection(SolutionProperties) = preSolution
		HideSolutionNode = FALSE
	EndGlobalSection
	GlobalSection(NestedProjects) = preSolution
		{9C47D5FB-5333-479F-99FB-90C796867A90} = {827E0CD3-B72D-47B6-A68D-7590B98EB39B}
		{EF623B02-9B64-495F-ADC2-699877262A30} = {827E0CD3-B72D-47B6-A68D-7590B98EB39B}
		{1EC096C8-1061-451B-AACF-956EFFC0EC79} = {827E0CD3-B72D-47B6-A68D-7590B98EB39B}
		{98881301-4B99-411D-810D-F9C84F578CA0} = {827E0CD3-B72D-47B6-A68D-7590B98EB39B}
	EndGlobalSection
EndGlobal
